{
  "name": "@package/utils",
  "version": "1.0.0",
  "lockfileVersion": 3,
  "requires": true,
  "packages": {
    "": {
      "name": "@package/utils",
      "version": "1.0.0",
      "license": "ISC",
      "dependencies": {
        "@package/utils": "file:"
      }
    },
    "node_modules/@package/utils": {
      "resolved": "",
      "link": true
    }
  }
}
